
Microsoft Visual Studio Solution File, Format Version 12.00
# Visual Studio Version 17
VisualStudioVersion = 17.3.32901.215
MinimumVisualStudioVersion = 10.0.40219.1
Project("{FAE04EC0-301F-11D3-BF4B-00C04F79EFBC}") = "LooksBooks", "LooksBooks\LooksBooks.csproj", "{278058E4-D31B-46A0-8E12-D5B4DC05600C}"
EndProject
Global
	GlobalSection(SolutionConfigurationPlatforms) = preSolution
		Debug|Any CPU = Debug|Any CPU
		Release|Any CPU = Release|Any CPU
	EndGlobalSection
	GlobalSection(ProjectConfigurationPlatforms) = postSolution
		{278058E4-D31B-46A0-8E12-D5B4DC05600C}.Debug|Any CPU.ActiveCfg = Debug|Any CPU
		{278058E4-D31B-46A0-8E12-D5B4DC05600C}.Debug|Any CPU.Build.0 = Debug|Any CPU
		{278058E4-D31B-46A0-8E12-D5B4DC05600C}.Release|Any CPU.ActiveCfg = Release|Any CPU
		{278058E4-D31B-46A0-8E12-D5B4DC05600C}.Release|Any CPU.Build.0 = Release|Any CPU
	EndGlobalSection
	GlobalSection(SolutionProperties) = preSolution
		HideSolutionNode = FALSE
	EndGlobalSection
	GlobalSection(ExtensibilityGlobals) = postSolution
		SolutionGuid = {FC19D9B1-DE2E-4E14-8CD0-8C50184E6D97}
	EndGlobalSection
EndGlobal
